
Microsoft Visual Studio Solution File, Format Version 12.00
# Visual Studio Version 16
VisualStudioVersion = 16.0.29215.179
MinimumVisualStudioVersion = 10.0.40219.1
Project("{FAE04EC0-301F-11D3-BF4B-00C04F79EFBC}") = "wilcoxon", "wilcoxon\wilcoxon.csproj", "{9B24DA17-50B5-4EEA-8734-35E381CF09CC}"
EndProject
Global
	GlobalSection(SolutionConfigurationPlatforms) = preSolution
		Debug|Any CPU = Debug|Any CPU
		Release|Any CPU = Release|Any CPU
	EndGlobalSection
	GlobalSection(ProjectConfigurationPlatforms) = postSolution
		{9B24DA17-50B5-4EEA-8734-35E381CF09CC}.Debug|Any CPU.ActiveCfg = Debug|Any CPU
		{9B24DA17-50B5-4EEA-8734-35E381CF09CC}.Debug|Any CPU.Build.0 = Debug|Any CPU
		{9B24DA17-50B5-4EEA-8734-35E381CF09CC}.Release|Any CPU.ActiveCfg = Release|Any CPU
		{9B24DA17-50B5-4EEA-8734-35E381CF09CC}.Release|Any CPU.Build.0 = Release|Any CPU
	EndGlobalSection
	GlobalSection(SolutionProperties) = preSolution
		HideSolutionNode = FALSE
	EndGlobalSection
	GlobalSection(ExtensibilityGlobals) = postSolution
		SolutionGuid = {F48D8757-A92E-4E3F-831D-9CA49863E861}
	EndGlobalSection
EndGlobal
